
Microsoft Visual Studio Solution File, Format Version 12.00
# Visual Studio Version 17
VisualStudioVersion = 17.2.32616.157
MinimumVisualStudioVersion = 10.0.40219.1
Project("{2150E333-8FDC-42A3-9474-1A3956D46DE8}") = "SagaChoreographyPattern", "SagaChoreographyPattern", "{9E7433F2-5661-4E33-B80D-D1779243F93D}"
EndProject
Project("{9A19103F-16F7-4668-BE54-9A1E7A4F7556}") = "Order.API", "SagaChoreographyPattern\Order.API\Order.API.csproj", "{4850A3D0-732A-4C00-B9DE-9A393D8CD788}"
EndProject
Project("{9A19103F-16F7-4668-BE54-9A1E7A4F7556}") = "Stock.API", "SagaChoreographyPattern\Stock.API\Stock.API.csproj", "{1F048EC1-C2D5-4293-BECC-20588D817348}"
EndProject
Project("{9A19103F-16F7-4668-BE54-9A1E7A4F7556}") = "Payment.API", "SagaChoreographyPattern\Payment.API\Payment.API.csproj", "{67CAFAC6-B10D-44CF-86B5-4E400ADDFD83}"
EndProject
Project("{9A19103F-16F7-4668-BE54-9A1E7A4F7556}") = "Shared", "SagaChoreographyPattern\Shared\Shared.csproj", "{FC94EF69-FE4B-4A22-A375-780DDF91FA6D}"
EndProject
Project("{2150E333-8FDC-42A3-9474-1A3956D46DE8}") = "SagaOrchestrationBasedPattern", "SagaOrchestrationBasedPattern", "{B0A734D0-95ED-4065-8C56-B3D4B49CACD1}"
EndProject
Project("{9A19103F-16F7-4668-BE54-9A1E7A4F7556}") = "Order.API", "SagaOrchestrationBasedPattern\Order.API\Order.API.csproj", "{FC75A3B8-6719-414B-AC2D-3995A3FCFECD}"
EndProject
Project("{9A19103F-16F7-4668-BE54-9A1E7A4F7556}") = "Payment.API", "SagaOrchestrationBasedPattern\Payment.API\Payment.API.csproj", "{0FDA867B-B242-4A23-8DF1-6D514F1F40BF}"
EndProject
Project("{9A19103F-16F7-4668-BE54-9A1E7A4F7556}") = "Shared", "SagaOrchestrationBasedPattern\Shared\Shared.csproj", "{845E5789-0B80-4AD3-A732-9065B95B84EC}"
EndProject
Project("{9A19103F-16F7-4668-BE54-9A1E7A4F7556}") = "Stock.API", "SagaOrchestrationBasedPattern\Stock.API\Stock.API.csproj", "{B8CFB054-B34D-4D00-BF25-B0B17529BBF8}"
EndProject
Project("{9A19103F-16F7-4668-BE54-9A1E7A4F7556}") = "SagaStateMachineWorkerService", "SagaOrchestrationBasedPattern\SagaStateMachineWorkerService\SagaStateMachineWorkerService.csproj", "{CCF6844E-F624-4AF5-A2BA-E05BD68045F2}"
EndProject
Project("{2150E333-8FDC-42A3-9474-1A3956D46DE8}") = "EventSourcingPattern", "EventSourcingPattern", "{B5A9C10D-D3A0-43E4-9A3D-9B571F76CE03}"
EndProject
Project("{9A19103F-16F7-4668-BE54-9A1E7A4F7556}") = "EventSourcing.API", "EventSourcingPattern\EventSourcing.API\EventSourcing.API.csproj", "{C31224BE-B9AD-42EF-ACD7-3BD997B9D8FD}"
EndProject
Project("{9A19103F-16F7-4668-BE54-9A1E7A4F7556}") = "EventSourcing.Shared", "EventSourcingPattern\EventSourcing.Shared\EventSourcing.Shared.csproj", "{3A78BCFA-05A6-4C69-908A-882DFEAF5423}"
EndProject
Project("{2150E333-8FDC-42A3-9474-1A3956D46DE8}") = "ResiliencyPatterns", "ResiliencyPatterns", "{9D599C0B-C47F-43F3-ABD7-D15F692B6CE7}"
EndProject
Project("{FAE04EC0-301F-11D3-BF4B-00C04F79EFBC}") = "ServiceA.API", "ResiliencyPatterns\ServiceA.API\ServiceA.API.csproj", "{D8078FCB-D4DF-4928-9A6C-5C427E91EA78}"
EndProject
Project("{FAE04EC0-301F-11D3-BF4B-00C04F79EFBC}") = "ServiceB.API", "ResiliencyPatterns\ServiceB.API\ServiceB.API.csproj", "{68C2BB17-22CA-45BA-BB94-1E7764BC4EAB}"
EndProject
Global
	GlobalSection(SolutionConfigurationPlatforms) = preSolution
		Debug|Any CPU = Debug|Any CPU
		Release|Any CPU = Release|Any CPU
	EndGlobalSection
	GlobalSection(ProjectConfigurationPlatforms) = postSolution
		{4850A3D0-732A-4C00-B9DE-9A393D8CD788}.Debug|Any CPU.ActiveCfg = Debug|Any CPU
		{4850A3D0-732A-4C00-B9DE-9A393D8CD788}.Debug|Any CPU.Build.0 = Debug|Any CPU
		{4850A3D0-732A-4C00-B9DE-9A393D8CD788}.Release|Any CPU.ActiveCfg = Release|Any CPU
		{4850A3D0-732A-4C00-B9DE-9A393D8CD788}.Release|Any CPU.Build.0 = Release|Any CPU
		{1F048EC1-C2D5-4293-BECC-20588D817348}.Debug|Any CPU.ActiveCfg = Debug|Any CPU
		{1F048EC1-C2D5-4293-BECC-20588D817348}.Debug|Any CPU.Build.0 = Debug|Any CPU
		{1F048EC1-C2D5-4293-BECC-20588D817348}.Release|Any CPU.ActiveCfg = Release|Any CPU
		{1F048EC1-C2D5-4293-BECC-20588D817348}.Release|Any CPU.Build.0 = Release|Any CPU
		{67CAFAC6-B10D-44CF-86B5-4E400ADDFD83}.Debug|Any CPU.ActiveCfg = Debug|Any CPU
		{67CAFAC6-B10D-44CF-86B5-4E400ADDFD83}.Debug|Any CPU.Build.0 = Debug|Any CPU
		{67CAFAC6-B10D-44CF-86B5-4E400ADDFD83}.Release|Any CPU.ActiveCfg = Release|Any CPU
		{67CAFAC6-B10D-44CF-86B5-4E400ADDFD83}.Release|Any CPU.Build.0 = Release|Any CPU
		{FC94EF69-FE4B-4A22-A375-780DDF91FA6D}.Debug|Any CPU.ActiveCfg = Debug|Any CPU
		{FC94EF69-FE4B-4A22-A375-780DDF91FA6D}.Debug|Any CPU.Build.0 = Debug|Any CPU
		{FC94EF69-FE4B-4A22-A375-780DDF91FA6D}.Release|Any CPU.ActiveCfg = Release|Any CPU
		{FC94EF69-FE4B-4A22-A375-780DDF91FA6D}.Release|Any CPU.Build.0 = Release|Any CPU
		{FC75A3B8-6719-414B-AC2D-3995A3FCFECD}.Debug|Any CPU.ActiveCfg = Debug|Any CPU
		{FC75A3B8-6719-414B-AC2D-3995A3FCFECD}.Debug|Any CPU.Build.0 = Debug|Any CPU
		{FC75A3B8-6719-414B-AC2D-3995A3FCFECD}.Release|Any CPU.ActiveCfg = Release|Any CPU
		{FC75A3B8-6719-414B-AC2D-3995A3FCFECD}.Release|Any CPU.Build.0 = Release|Any CPU
		{0FDA867B-B242-4A23-8DF1-6D514F1F40BF}.Debug|Any CPU.ActiveCfg = Debug|Any CPU
		{0FDA867B-B242-4A23-8DF1-6D514F1F40BF}.Debug|Any CPU.Build.0 = Debug|Any CPU
		{0FDA867B-B242-4A23-8DF1-6D514F1F40BF}.Release|Any CPU.ActiveCfg = Release|Any CPU
		{0FDA867B-B242-4A23-8DF1-6D514F1F40BF}.Release|Any CPU.Build.0 = Release|Any CPU
		{845E5789-0B80-4AD3-A732-9065B95B84EC}.Debug|Any CPU.ActiveCfg = Debug|Any CPU
		{845E5789-0B80-4AD3-A732-9065B95B84EC}.Debug|Any CPU.Build.0 = Debug|Any CPU
		{845E5789-0B80-4AD3-A732-9065B95B84EC}.Release|Any CPU.ActiveCfg = Release|Any CPU
		{845E5789-0B80-4AD3-A732-9065B95B84EC}.Release|Any CPU.Build.0 = Release|Any CPU
		{B8CFB054-B34D-4D00-BF25-B0B17529BBF8}.Debug|Any CPU.ActiveCfg = Debug|Any CPU
		{B8CFB054-B34D-4D00-BF25-B0B17529BBF8}.Debug|Any CPU.Build.0 = Debug|Any CPU
		{B8CFB054-B34D-4D00-BF25-B0B17529BBF8}.Release|Any CPU.ActiveCfg = Release|Any CPU
		{B8CFB054-B34D-4D00-BF25-B0B17529BBF8}.Release|Any CPU.Build.0 = Release|Any CPU
		{CCF6844E-F624-4AF5-A2BA-E05BD68045F2}.Debug|Any CPU.ActiveCfg = Debug|Any CPU
		{CCF6844E-F624-4AF5-A2BA-E05BD68045F2}.Debug|Any CPU.Build.0 = Debug|Any CPU
		{CCF6844E-F624-4AF5-A2BA-E05BD68045F2}.Release|Any CPU.ActiveCfg = Release|Any CPU
		{CCF6844E-F624-4AF5-A2BA-E05BD68045F2}.Release|Any CPU.Build.0 = Release|Any CPU
		{C31224BE-B9AD-42EF-ACD7-3BD997B9D8FD}.Debug|Any CPU.ActiveCfg = Debug|Any CPU
		{C31224BE-B9AD-42EF-ACD7-3BD997B9D8FD}.Debug|Any CPU.Build.0 = Debug|Any CPU
		{C31224BE-B9AD-42EF-ACD7-3BD997B9D8FD}.Release|Any CPU.ActiveCfg = Release|Any CPU
		{C31224BE-B9AD-42EF-ACD7-3BD997B9D8FD}.Release|Any CPU.Build.0 = Release|Any CPU
		{3A78BCFA-05A6-4C69-908A-882DFEAF5423}.Debug|Any CPU.ActiveCfg = Debug|Any CPU
		{3A78BCFA-05A6-4C69-908A-882DFEAF5423}.Debug|Any CPU.Build.0 = Debug|Any CPU
		{3A78BCFA-05A6-4C69-908A-882DFEAF5423}.Release|Any CPU.ActiveCfg = Release|Any CPU
		{3A78BCFA-05A6-4C69-908A-882DFEAF5423}.Release|Any CPU.Build.0 = Release|Any CPU
		{D8078FCB-D4DF-4928-9A6C-5C427E91EA78}.Debug|Any CPU.ActiveCfg = Debug|Any CPU
		{D8078FCB-D4DF-4928-9A6C-5C427E91EA78}.Debug|Any CPU.Build.0 = Debug|Any CPU
		{D8078FCB-D4DF-4928-9A6C-5C427E91EA78}.Release|Any CPU.ActiveCfg = Release|Any CPU
		{D8078FCB-D4DF-4928-9A6C-5C427E91EA78}.Release|Any CPU.Build.0 = Release|Any CPU
		{68C2BB17-22CA-45BA-BB94-1E7764BC4EAB}.Debug|Any CPU.ActiveCfg = Debug|Any CPU
		{68C2BB17-22CA-45BA-BB94-1E7764BC4EAB}.Debug|Any CPU.Build.0 = Debug|Any CPU
		{68C2BB17-22CA-45BA-BB94-1E7764BC4EAB}.Release|Any CPU.ActiveCfg = Release|Any CPU
		{68C2BB17-22CA-45BA-BB94-1E7764BC4EAB}.Release|Any CPU.Build.0 = Release|Any CPU
	EndGlobalSection
	GlobalSection(SolutionProperties) = preSolution
		HideSolutionNode = FALSE
	EndGlobalSection
	GlobalSection(NestedProjects) = preSolution
		{4850A3D0-732A-4C00-B9DE-9A393D8CD788} = {9E7433F2-5661-4E33-B80D-D1779243F93D}
		{1F048EC1-C2D5-4293-BECC-20588D817348} = {9E7433F2-5661-4E33-B80D-D1779243F93D}
		{67CAFAC6-B10D-44CF-86B5-4E400ADDFD83} = {9E7433F2-5661-4E33-B80D-D1779243F93D}
		{FC94EF69-FE4B-4A22-A375-780DDF91FA6D} = {9E7433F2-5661-4E33-B80D-D1779243F93D}
		{FC75A3B8-6719-414B-AC2D-3995A3FCFECD} = {B0A734D0-95ED-4065-8C56-B3D4B49CACD1}
		{0FDA867B-B242-4A23-8DF1-6D514F1F40BF} = {B0A734D0-95ED-4065-8C56-B3D4B49CACD1}
		{845E5789-0B80-4AD3-A732-9065B95B84EC} = {B0A734D0-95ED-4065-8C56-B3D4B49CACD1}
		{B8CFB054-B34D-4D00-BF25-B0B17529BBF8} = {B0A734D0-95ED-4065-8C56-B3D4B49CACD1}
		{CCF6844E-F624-4AF5-A2BA-E05BD68045F2} = {B0A734D0-95ED-4065-8C56-B3D4B49CACD1}
		{C31224BE-B9AD-42EF-ACD7-3BD997B9D8FD} = {B5A9C10D-D3A0-43E4-9A3D-9B571F76CE03}
		{3A78BCFA-05A6-4C69-908A-882DFEAF5423} = {B5A9C10D-D3A0-43E4-9A3D-9B571F76CE03}
		{D8078FCB-D4DF-4928-9A6C-5C427E91EA78} = {9D599C0B-C47F-43F3-ABD7-D15F692B6CE7}
		{68C2BB17-22CA-45BA-BB94-1E7764BC4EAB} = {9D599C0B-C47F-43F3-ABD7-D15F692B6CE7}
	EndGlobalSection
	GlobalSection(ExtensibilityGlobals) = postSolution
		SolutionGuid = {6E187DB0-B9E6-4D00-AD3F-D1858A00C934}
	EndGlobalSection
EndGlobal
